{
  "name": "Schneeflocke",
  "lockfileVersion": 3,
  "requires": true,
  "packages": {
    "": {
      "dependencies": {
        "ts-complex-numbers": "^1.0.5"
      }
    },
    "node_modules/ts-complex-numbers": {
      "version": "1.0.5",
      "resolved": "https://registry.npmjs.org/ts-complex-numbers/-/ts-complex-numbers-1.0.5.tgz",
      "integrity": "sha512-ks4iz5ymp6U60ovHk5kwh1NCAXN3y7nFA3z7a25xETWzprQ9spTdtQcjWT11JCw+zxbM6sb7AuUymbP/lWORnQ=="
    }
  }
}
